
Microsoft Visual Studio Solution File, Format Version 12.00
# Visual Studio Version 17
VisualStudioVersion = 17.0.32126.317
MinimumVisualStudioVersion = 10.0.40219.1
Project("{FAE04EC0-301F-11D3-BF4B-00C04F79EFBC}") = "CengaverConsoleDocker", "CengaverConsoleDocker\CengaverConsoleDocker.csproj", "{09E3EC8E-79E4-45DE-A644-9E3A73875722}"
EndProject
Global
	GlobalSection(SolutionConfigurationPlatforms) = preSolution
		Debug|Any CPU = Debug|Any CPU
		Release|Any CPU = Release|Any CPU
	EndGlobalSection
	GlobalSection(ProjectConfigurationPlatforms) = postSolution
		{09E3EC8E-79E4-45DE-A644-9E3A73875722}.Debug|Any CPU.ActiveCfg = Debug|Any CPU
		{09E3EC8E-79E4-45DE-A644-9E3A73875722}.Debug|Any CPU.Build.0 = Debug|Any CPU
		{09E3EC8E-79E4-45DE-A644-9E3A73875722}.Release|Any CPU.ActiveCfg = Release|Any CPU
		{09E3EC8E-79E4-45DE-A644-9E3A73875722}.Release|Any CPU.Build.0 = Release|Any CPU
	EndGlobalSection
	GlobalSection(SolutionProperties) = preSolution
		HideSolutionNode = FALSE
	EndGlobalSection
	GlobalSection(ExtensibilityGlobals) = postSolution
		SolutionGuid = {8168189D-DBF4-4D8D-86E9-3766B681F5CC}
	EndGlobalSection
EndGlobal
